// !$*UTF8*$!
{
	archiveVersion = 1;
	classes = {
	};
	objectVersion = 56;
	objects = {

/* Begin PBXBuildFile section */
		5130EF332B2F62EC003E5602 /* SpendWiseApp.swift in Sources */ = {isa = PBXBuildFile; fileRef = 5130EF322B2F62EC003E5602 /* SpendWiseApp.swift */; };
		5130EF372B2F62EF003E5602 /* Assets.xcassets in Resources */ = {isa = PBXBuildFile; fileRef = 5130EF362B2F62EF003E5602 /* Assets.xcassets */; };
		5130EF3A2B2F62EF003E5602 /* Preview Assets.xcassets in Resources */ = {isa = PBXBuildFile; fileRef = 5130EF392B2F62EF003E5602 /* Preview Assets.xcassets */; };
		5130EF442B2F62EF003E5602 /* SpendWiseTests.swift in Sources */ = {isa = PBXBuildFile; fileRef = 5130EF432B2F62EF003E5602 /* SpendWiseTests.swift */; };
		5130EF4E2B2F62EF003E5602 /* SpendWiseUITests.swift in Sources */ = {isa = PBXBuildFile; fileRef = 5130EF4D2B2F62EF003E5602 /* SpendWiseUITests.swift */; };
		5130EF502B2F62EF003E5602 /* SpendWiseUITestsLaunchTests.swift in Sources */ = {isa = PBXBuildFile; fileRef = 5130EF4F2B2F62EF003E5602 /* SpendWiseUITestsLaunchTests.swift */; };
		5130EF602B2F65F0003E5602 /* Transaction.swift in Sources */ = {isa = PBXBuildFile; fileRef = 5130EF5F2B2F65F0003E5602 /* Transaction.swift */; };
		5130EF622B2F6D3B003E5602 /* ViewModel.swift in Sources */ = {isa = PBXBuildFile; fileRef = 5130EF612B2F6D3B003E5602 /* ViewModel.swift */; };
		518B7DBE2B30ABD60068E66A /* ListItem.swift in Sources */ = {isa = PBXBuildFile; fileRef = 518B7DBD2B30ABD60068E66A /* ListItem.swift */; };
		518B7DC02B30C82C0068E66A /* Toast.swift in Sources */ = {isa = PBXBuildFile; fileRef = 518B7DBF2B30C82C0068E66A /* Toast.swift */; };
		518B7DC42B30EF360068E66A /* Realm in Frameworks */ = {isa = PBXBuildFile; productRef = 518B7DC32B30EF360068E66A /* Realm */; };
		518B7DC62B30EF360068E66A /* RealmSwift in Frameworks */ = {isa = PBXBuildFile; productRef = 518B7DC52B30EF360068E66A /* RealmSwift */; };
		51F9653B2B30A55700735ACD /* Create.swift in Sources */ = {isa = PBXBuildFile; fileRef = 51F9653A2B30A55700735ACD /* Create.swift */; };
		51F9653E2B30A5C000735ACD /* List.swift in Sources */ = {isa = PBXBuildFile; fileRef = 51F9653D2B30A5C000735ACD /* List.swift */; };
		51F965402B30A5FC00735ACD /* Update.swift in Sources */ = {isa = PBXBuildFile; fileRef = 51F9653F2B30A5FC00735ACD /* Update.swift */; };
/* End PBXBuildFile section */

/* Begin PBXContainerItemProxy section */
		5130EF402B2F62EF003E5602 /* PBXContainerItemProxy */ = {
			isa = PBXContainerItemProxy;
			containerPortal = 5130EF272B2F62EC003E5602 /* Project object */;
			proxyType = 1;
			remoteGlobalIDString = 5130EF2E2B2F62EC003E5602;
			remoteInfo = SpendWise;
		};
		5130EF4A2B2F62EF003E5602 /* PBXContainerItemProxy */ = {
			isa = PBXContainerItemProxy;
			containerPortal = 5130EF272B2F62EC003E5602 /* Project object */;
			proxyType = 1;
			remoteGlobalIDString = 5130EF2E2B2F62EC003E5602;
			remoteInfo = SpendWise;
		};
/* End PBXContainerItemProxy section */

/* Begin PBXFileReference section */
		5130EF2F2B2F62EC003E5602 /* SpendWise.app */ = {isa = PBXFileReference; explicitFileType = wrapper.application; includeInIndex = 0; path = SpendWise.app; sourceTree = BUILT_PRODUCTS_DIR; };
		5130EF322B2F62EC003E5602 /* SpendWiseApp.swift */ = {isa = PBXFileReference; lastKnownFileType = sourcecode.swift; path = SpendWiseApp.swift; sourceTree = "<group>"; };
		5130EF362B2F62EF003E5602 /* Assets.xcassets */ = {isa = PBXFileReference; lastKnownFileType = folder.assetcatalog; path = Assets.xcassets; sourceTree = "<group>"; };
		5130EF392B2F62EF003E5602 /* Preview Assets.xcassets */ = {isa = PBXFileReference; lastKnownFileType = folder.assetcatalog; path = "Preview Assets.xcassets"; sourceTree = "<group>"; };
		5130EF3F2B2F62EF003E5602 /* SpendWiseTests.xctest */ = {isa = PBXFileReference; explicitFileType = wrapper.cfbundle; includeInIndex = 0; path = SpendWiseTests.xctest; sourceTree = BUILT_PRODUCTS_DIR; };
		5130EF432B2F62EF003E5602 /* SpendWiseTests.swift */ = {isa = PBXFileReference; lastKnownFileType = sourcecode.swift; path = SpendWiseTests.swift; sourceTree = "<group>"; };
		5130EF492B2F62EF003E5602 /* SpendWiseUITests.xctest */ = {isa = PBXFileReference; explicitFileType = wrapper.cfbundle; includeInIndex = 0; path = SpendWiseUITests.xctest; sourceTree = BUILT_PRODUCTS_DIR; };
		5130EF4D2B2F62EF003E5602 /* SpendWiseUITests.swift */ = {isa = PBXFileReference; lastKnownFileType = sourcecode.swift; path = SpendWiseUITests.swift; sourceTree = "<group>"; };
		5130EF4F2B2F62EF003E5602 /* SpendWiseUITestsLaunchTests.swift */ = {isa = PBXFileReference; lastKnownFileType = sourcecode.swift; path = SpendWiseUITestsLaunchTests.swift; sourceTree = "<group>"; };
		5130EF5F2B2F65F0003E5602 /* Transaction.swift */ = {isa = PBXFileReference; lastKnownFileType = sourcecode.swift; path = Transaction.swift; sourceTree = "<group>"; };
		5130EF612B2F6D3B003E5602 /* ViewModel.swift */ = {isa = PBXFileReference; lastKnownFileType = sourcecode.swift; path = ViewModel.swift; sourceTree = "<group>"; };
		518B7DBD2B30ABD60068E66A /* ListItem.swift */ = {isa = PBXFileReference; lastKnownFileType = sourcecode.swift; path = ListItem.swift; sourceTree = "<group>"; };
		518B7DBF2B30C82C0068E66A /* Toast.swift */ = {isa = PBXFileReference; lastKnownFileType = sourcecode.swift; path = Toast.swift; sourceTree = "<group>"; };
		51F9653A2B30A55700735ACD /* Create.swift */ = {isa = PBXFileReference; lastKnownFileType = sourcecode.swift; path = Create.swift; sourceTree = "<group>"; };
		51F9653D2B30A5C000735ACD /* List.swift */ = {isa = PBXFileReference; lastKnownFileType = sourcecode.swift; path = List.swift; sourceTree = "<group>"; };
		51F9653F2B30A5FC00735ACD /* Update.swift */ = {isa = PBXFileReference; lastKnownFileType = sourcecode.swift; path = Update.swift; sourceTree = "<group>"; };
/* End PBXFileReference section */

/* Begin PBXFrameworksBuildPhase section */
		5130EF2C2B2F62EC003E5602 /* Frameworks */ = {
			isa = PBXFrameworksBuildPhase;
			buildActionMask = 2147483647;
			files = (
				518B7DC62B30EF360068E66A /* RealmSwift in Frameworks */,
				518B7DC42B30EF360068E66A /* Realm in Frameworks */,
			);
			runOnlyForDeploymentPostprocessing = 0;
		};
		5130EF3C2B2F62EF003E5602 /* Frameworks */ = {
			isa = PBXFrameworksBuildPhase;
			buildActionMask = 2147483647;
			files = (
			);
			runOnlyForDeploymentPostprocessing = 0;
		};
		5130EF462B2F62EF003E5602 /* Frameworks */ = {
			isa = PBXFrameworksBuildPhase;
			buildActionMask = 2147483647;
			files = (
			);
			runOnlyForDeploymentPostprocessing = 0;
		};
/* End PBXFrameworksBuildPhase section */

/* Begin PBXGroup section */
		5130EF262B2F62EC003E5602 = {
			isa = PBXGroup;
			children = (
				5130EF312B2F62EC003E5602 /* SpendWise */,
				5130EF422B2F62EF003E5602 /* SpendWiseTests */,
				5130EF4C2B2F62EF003E5602 /* SpendWiseUITests */,
				5130EF302B2F62EC003E5602 /* Products */,
			);
			sourceTree = "<group>";
		};
		5130EF302B2F62EC003E5602 /* Products */ = {
			isa = PBXGroup;
			children = (
				5130EF2F2B2F62EC003E5602 /* SpendWise.app */,
				5130EF3F2B2F62EF003E5602 /* SpendWiseTests.xctest */,
				5130EF492B2F62EF003E5602 /* SpendWiseUITests.xctest */,
			);
			name = Products;
			sourceTree = "<group>";
		};
		5130EF312B2F62EC003E5602 /* SpendWise */ = {
			isa = PBXGroup;
			children = (
				5130EF5E2B2F6341003E5602 /* ViewModel */,
				5130EF5D2B2F6337003E5602 /* Model */,
				5130EF5C2B2F632C003E5602 /* View */,
				5130EF322B2F62EC003E5602 /* SpendWiseApp.swift */,
				5130EF362B2F62EF003E5602 /* Assets.xcassets */,
				5130EF382B2F62EF003E5602 /* Preview Content */,
			);
			path = SpendWise;
			sourceTree = "<group>";
		};
		5130EF382B2F62EF003E5602 /* Preview Content */ = {
			isa = PBXGroup;
			children = (
				5130EF392B2F62EF003E5602 /* Preview Assets.xcassets */,
			);
			path = "Preview Content";
			sourceTree = "<group>";
		};
		5130EF422B2F62EF003E5602 /* SpendWiseTests */ = {
			isa = PBXGroup;
			children = (
				5130EF432B2F62EF003E5602 /* SpendWiseTests.swift */,
			);
			path = SpendWiseTests;
			sourceTree = "<group>";
		};
		5130EF4C2B2F62EF003E5602 /* SpendWiseUITests */ = {
			isa = PBXGroup;
			children = (
				5130EF4D2B2F62EF003E5602 /* SpendWiseUITests.swift */,
				5130EF4F2B2F62EF003E5602 /* SpendWiseUITestsLaunchTests.swift */,
			);
			path = SpendWiseUITests;
			sourceTree = "<group>";
		};
		5130EF5C2B2F632C003E5602 /* View */ = {
			isa = PBXGroup;
			children = (
				51F9653A2B30A55700735ACD /* Create.swift */,
				51F9653D2B30A5C000735ACD /* List.swift */,
				51F9653F2B30A5FC00735ACD /* Update.swift */,
				518B7DBD2B30ABD60068E66A /* ListItem.swift */,
				518B7DBF2B30C82C0068E66A /* Toast.swift */,
			);
			path = View;
			sourceTree = "<group>";
		};
		5130EF5D2B2F6337003E5602 /* Model */ = {
			isa = PBXGroup;
			children = (
				5130EF5F2B2F65F0003E5602 /* Transaction.swift */,
			);
			path = Model;
			sourceTree = "<group>";
		};
		5130EF5E2B2F6341003E5602 /* ViewModel */ = {
			isa = PBXGroup;
			children = (
				5130EF612B2F6D3B003E5602 /* ViewModel.swift */,
			);
			path = ViewModel;
			sourceTree = "<group>";
		};
/* End PBXGroup section */

/* Begin PBXNativeTarget section */
		5130EF2E2B2F62EC003E5602 /* SpendWise */ = {
			isa = PBXNativeTarget;
			buildConfigurationList = 5130EF532B2F62EF003E5602 /* Build configuration list for PBXNativeTarget "SpendWise" */;
			buildPhases = (
				5130EF2B2B2F62EC003E5602 /* Sources */,
				5130EF2C2B2F62EC003E5602 /* Frameworks */,
				5130EF2D2B2F62EC003E5602 /* Resources */,
			);
			buildRules = (
			);
			dependencies = (
			);
			name = SpendWise;
			packageProductDependencies = (
				518B7DC32B30EF360068E66A /* Realm */,
				518B7DC52B30EF360068E66A /* RealmSwift */,
			);
			productName = SpendWise;
			productReference = 5130EF2F2B2F62EC003E5602 /* SpendWise.app */;
			productType = "com.apple.product-type.application";
		};
		5130EF3E2B2F62EF003E5602 /* SpendWiseTests */ = {
			isa = PBXNativeTarget;
			buildConfigurationList = 5130EF562B2F62EF003E5602 /* Build configuration list for PBXNativeTarget "SpendWiseTests" */;
			buildPhases = (
				5130EF3B2B2F62EF003E5602 /* Sources */,
				5130EF3C2B2F62EF003E5602 /* Frameworks */,
				5130EF3D2B2F62EF003E5602 /* Resources */,
			);
			buildRules = (
			);
			dependencies = (
				5130EF412B2F62EF003E5602 /* PBXTargetDependency */,
			);
			name = SpendWiseTests;
			productName = SpendWiseTests;
			productReference = 5130EF3F2B2F62EF003E5602 /* SpendWiseTests.xctest */;
			productType = "com.apple.product-type.bundle.unit-test";
		};
		5130EF482B2F62EF003E5602 /* SpendWiseUITests */ = {
			isa = PBXNativeTarget;
			buildConfigurationList = 5130EF592B2F62EF003E5602 /* Build configuration list for PBXNativeTarget "SpendWiseUITests" */;
			buildPhases = (
				5130EF452B2F62EF003E5602 /* Sources */,
				5130EF462B2F62EF003E5602 /* Frameworks */,
				5130EF472B2F62EF003E5602 /* Resources */,
			);
			buildRules = (
			);
			dependencies = (
				5130EF4B2B2F62EF003E5602 /* PBXTargetDependency */,
			);
			name = SpendWiseUITests;
			productName = SpendWiseUITests;
			productReference = 5130EF492B2F62EF003E5602 /* SpendWiseUITests.xctest */;
			productType = "com.apple.product-type.bundle.ui-testing";
		};
/* End PBXNativeTarget section */

/* Begin PBXProject section */
		5130EF272B2F62EC003E5602 /* Project object */ = {
			isa = PBXProject;
			attributes = {
				BuildIndependentTargetsInParallel = 1;
				LastSwiftUpdateCheck = 1500;
				LastUpgradeCheck = 1500;
				TargetAttributes = {
					5130EF2E2B2F62EC003E5602 = {
						CreatedOnToolsVersion = 15.0.1;
					};
					5130EF3E2B2F62EF003E5602 = {
						CreatedOnToolsVersion = 15.0.1;
						TestTargetID = 5130EF2E2B2F62EC003E5602;
					};
					5130EF482B2F62EF003E5602 = {
						CreatedOnToolsVersion = 15.0.1;
						TestTargetID = 5130EF2E2B2F62EC003E5602;
					};
				};
			};
			buildConfigurationList = 5130EF2A2B2F62EC003E5602 /* Build configuration list for PBXProject "SpendWise" */;
			compatibilityVersion = "Xcode 14.0";
			developmentRegion = en;
			hasScannedForEncodings = 0;
			knownRegions = (
				en,
				Base,
			);
			mainGroup = 5130EF262B2F62EC003E5602;
			packageReferences = (
				518B7DC22B30EF360068E66A /* XCRemoteSwiftPackageReference "realm-swift" */,
			);
			productRefGroup = 5130EF302B2F62EC003E5602 /* Products */;
			projectDirPath = "";
			projectRoot = "";
			targets = (
				5130EF2E2B2F62EC003E5602 /* SpendWise */,
				5130EF3E2B2F62EF003E5602 /* SpendWiseTests */,
				5130EF482B2F62EF003E5602 /* SpendWiseUITests */,
			);
		};
/* End PBXProject section */

/* Begin PBXResourcesBuildPhase section */
		5130EF2D2B2F62EC003E5602 /* Resources */ = {
			isa = PBXResourcesBuildPhase;
			buildActionMask = 2147483647;
			files = (
				5130EF3A2B2F62EF003E5602 /* Preview Assets.xcassets in Resources */,
				5130EF372B2F62EF003E5602 /* Assets.xcassets in Resources */,
			);
			runOnlyForDeploymentPostprocessing = 0;
		};
		5130EF3D2B2F62EF003E5602 /* Resources */ = {
			isa = PBXResourcesBuildPhase;
			buildActionMask = 2147483647;
			files = (
			);
			runOnlyForDeploymentPostprocessing = 0;
		};
		5130EF472B2F62EF003E5602 /* Resources */ = {
			isa = PBXResourcesBuildPhase;
			buildActionMask = 2147483647;
			files = (
			);
			runOnlyForDeploymentPostprocessing = 0;
		};
/* End PBXResourcesBuildPhase section */

/* Begin PBXSourcesBuildPhase section */
		5130EF2B2B2F62EC003E5602 /* Sources */ = {
			isa = PBXSourcesBuildPhase;
			buildActionMask = 2147483647;
			files = (
				5130EF602B2F65F0003E5602 /* Transaction.swift in Sources */,
				51F965402B30A5FC00735ACD /* Update.swift in Sources */,
				51F9653B2B30A55700735ACD /* Create.swift in Sources */,
				518B7DBE2B30ABD60068E66A /* ListItem.swift in Sources */,
				5130EF622B2F6D3B003E5602 /* ViewModel.swift in Sources */,
				5130EF332B2F62EC003E5602 /* SpendWiseApp.swift in Sources */,
				518B7DC02B30C82C0068E66A /* Toast.swift in Sources */,
				51F9653E2B30A5C000735ACD /* List.swift in Sources */,
			);
			runOnlyForDeploymentPostprocessing = 0;
		};
		5130EF3B2B2F62EF003E5602 /* Sources */ = {
			isa = PBXSourcesBuildPhase;
			buildActionMask = 2147483647;
			files = (
				5130EF442B2F62EF003E5602 /* SpendWiseTests.swift in Sources */,
			);
			runOnlyForDeploymentPostprocessing = 0;
		};
		5130EF452B2F62EF003E5602 /* Sources */ = {
			isa = PBXSourcesBuildPhase;
			buildActionMask = 2147483647;
			files = (
				5130EF4E2B2F62EF003E5602 /* SpendWiseUITests.swift in Sources */,
				5130EF502B2F62EF003E5602 /* SpendWiseUITestsLaunchTests.swift in Sources */,
			);
			runOnlyForDeploymentPostprocessing = 0;
		};
/* End PBXSourcesBuildPhase section */

/* Begin PBXTargetDependency section */
		5130EF412B2F62EF003E5602 /* PBXTargetDependency */ = {
			isa = PBXTargetDependency;
			target = 5130EF2E2B2F62EC003E5602 /* SpendWise */;
			targetProxy = 5130EF402B2F62EF003E5602 /* PBXContainerItemProxy */;
		};
		5130EF4B2B2F62EF003E5602 /* PBXTargetDependency */ = {
			isa = PBXTargetDependency;
			target = 5130EF2E2B2F62EC003E5602 /* SpendWise */;
			targetProxy = 5130EF4A2B2F62EF003E5602 /* PBXContainerItemProxy */;
		};
/* End PBXTargetDependency section */

/* Begin XCBuildConfiguration section */
		5130EF512B2F62EF003E5602 /* Debug */ = {
			isa = XCBuildConfiguration;
			buildSettings = {
				ALWAYS_SEARCH_USER_PATHS = NO;
				ASSETCATALOG_COMPILER_GENERATE_SWIFT_ASSET_SYMBOL_EXTENSIONS = YES;
				CLANG_ANALYZER_NONNULL = YES;
				CLANG_ANALYZER_NUMBER_OBJECT_CONVERSION = YES_AGGRESSIVE;
				CLANG_CXX_LANGUAGE_STANDARD = "gnu++20";
				CLANG_ENABLE_MODULES = YES;
				CLANG_ENABLE_OBJC_ARC = YES;
				CLANG_ENABLE_OBJC_WEAK = YES;
				CLANG_WARN_BLOCK_CAPTURE_AUTORELEASING = YES;
				CLANG_WARN_BOOL_CONVERSION = YES;
				CLANG_WARN_COMMA = YES;
				CLANG_WARN_CONSTANT_CONVERSION = YES;
				CLANG_WARN_DEPRECATED_OBJC_IMPLEMENTATIONS = YES;
				CLANG_WARN_DIRECT_OBJC_ISA_USAGE = YES_ERROR;
				CLANG_WARN_DOCUMENTATION_COMMENTS = YES;
				CLANG_WARN_EMPTY_BODY = YES;
				CLANG_WARN_ENUM_CONVERSION = YES;
				CLANG_WARN_INFINITE_RECURSION = YES;
				CLANG_WARN_INT_CONVERSION = YES;
				CLANG_WARN_NON_LITERAL_NULL_CONVERSION = YES;
				CLANG_WARN_OBJC_IMPLICIT_RETAIN_SELF = YES;
				CLANG_WARN_OBJC_LITERAL_CONVERSION = YES;
				CLANG_WARN_OBJC_ROOT_CLASS = YES_ERROR;
				CLANG_WARN_QUOTED_INCLUDE_IN_FRAMEWORK_HEADER = YES;
				CLANG_WARN_RANGE_LOOP_ANALYSIS = YES;
				CLANG_WARN_STRICT_PROTOTYPES = YES;
				CLANG_WARN_SUSPICIOUS_MOVE = YES;
				CLANG_WARN_UNGUARDED_AVAILABILITY = YES_AGGRESSIVE;
				CLANG_WARN_UNREACHABLE_CODE = YES;
				CLANG_WARN__DUPLICATE_METHOD_MATCH = YES;
				COPY_PHASE_STRIP = NO;
				DEBUG_INFORMATION_FORMAT = dwarf;
				ENABLE_STRICT_OBJC_MSGSEND = YES;
				ENABLE_TESTABILITY = YES;
				ENABLE_USER_SCRIPT_SANDBOXING = YES;
				GCC_C_LANGUAGE_STANDARD = gnu17;
				GCC_DYNAMIC_NO_PIC = NO;
				GCC_NO_COMMON_BLOCKS = YES;
				GCC_OPTIMIZATION_LEVEL = 0;
				GCC_PREPROCESSOR_DEFINITIONS = (
					"DEBUG=1",
					"$(inherited)",
				);
				GCC_WARN_64_TO_32_BIT_CONVERSION = YES;
				GCC_WARN_ABOUT_RETURN_TYPE = YES_ERROR;
				GCC_WARN_UNDECLARED_SELECTOR = YES;
				GCC_WARN_UNINITIALIZED_AUTOS = YES_AGGRESSIVE;
				GCC_WARN_UNUSED_FUNCTION = YES;
				GCC_WARN_UNUSED_VARIABLE = YES;
				IPHONEOS_DEPLOYMENT_TARGET = 17.0;
				LOCALIZATION_PREFERS_STRING_CATALOGS = YES;
				MTL_ENABLE_DEBUG_INFO = INCLUDE_SOURCE;
				MTL_FAST_MATH = YES;
				ONLY_ACTIVE_ARCH = YES;
				SDKROOT = iphoneos;
				SWIFT_ACTIVE_COMPILATION_CONDITIONS = "DEBUG $(inherited)";
				SWIFT_OPTIMIZATION_LEVEL = "-Onone";
			};
			name = Debug;
		};
		5130EF522B2F62EF003E5602 /* Release */ = {
			isa = XCBuildConfiguration;
			buildSettings = {
				ALWAYS_SEARCH_USER_PATHS = NO;
				ASSETCATALOG_COMPILER_GENERATE_SWIFT_ASSET_SYMBOL_EXTENSIONS = YES;
				CLANG_ANALYZER_NONNULL = YES;
				CLANG_ANALYZER_NUMBER_OBJECT_CONVERSION = YES_AGGRESSIVE;
				CLANG_CXX_LANGUAGE_STANDARD = "gnu++20";
				CLANG_ENABLE_MODULES = YES;
				CLANG_ENABLE_OBJC_ARC = YES;
				CLANG_ENABLE_OBJC_WEAK = YES;
				CLANG_WARN_BLOCK_CAPTURE_AUTORELEASING = YES;
				CLANG_WARN_BOOL_CONVERSION = YES;
				CLANG_WARN_COMMA = YES;
				CLANG_WARN_CONSTANT_CONVERSION = YES;
				CLANG_WARN_DEPRECATED_OBJC_IMPLEMENTATIONS = YES;
				CLANG_WARN_DIRECT_OBJC_ISA_USAGE = YES_ERROR;
				CLANG_WARN_DOCUMENTATION_COMMENTS = YES;
				CLANG_WARN_EMPTY_BODY = YES;
				CLANG_WARN_ENUM_CONVERSION = YES;
				CLANG_WARN_INFINITE_RECURSION = YES;
				CLANG_WARN_INT_CONVERSION = YES;
				CLANG_WARN_NON_LITERAL_NULL_CONVERSION = YES;
				CLANG_WARN_OBJC_IMPLICIT_RETAIN_SELF = YES;
				CLANG_WARN_OBJC_LITERAL_CONVERSION = YES;
				CLANG_WARN_OBJC_ROOT_CLASS = YES_ERROR;
				CLANG_WARN_QUOTED_INCLUDE_IN_FRAMEWORK_HEADER = YES;
				CLANG_WARN_RANGE_LOOP_ANALYSIS = YES;
				CLANG_WARN_STRICT_PROTOTYPES = YES;
				CLANG_WARN_SUSPICIOUS_MOVE = YES;
				CLANG_WARN_UNGUARDED_AVAILABILITY = YES_AGGRESSIVE;
				CLANG_WARN_UNREACHABLE_CODE = YES;
				CLANG_WARN__DUPLICATE_METHOD_MATCH = YES;
				COPY_PHASE_STRIP = NO;
				DEBUG_INFORMATION_FORMAT = "dwarf-with-dsym";
				ENABLE_NS_ASSERTIONS = NO;
				ENABLE_STRICT_OBJC_MSGSEND = YES;
				ENABLE_USER_SCRIPT_SANDBOXING = YES;
				GCC_C_LANGUAGE_STANDARD = gnu17;
				GCC_NO_COMMON_BLOCKS = YES;
				GCC_WARN_64_TO_32_BIT_CONVERSION = YES;
				GCC_WARN_ABOUT_RETURN_TYPE = YES_ERROR;
				GCC_WARN_UNDECLARED_SELECTOR = YES;
				GCC_WARN_UNINITIALIZED_AUTOS = YES_AGGRESSIVE;
				GCC_WARN_UNUSED_FUNCTION = YES;
				GCC_WARN_UNUSED_VARIABLE = YES;
				IPHONEOS_DEPLOYMENT_TARGET = 17.0;
				LOCALIZATION_PREFERS_STRING_CATALOGS = YES;
				MTL_ENABLE_DEBUG_INFO = NO;
				MTL_FAST_MATH = YES;
				SDKROOT = iphoneos;
				SWIFT_COMPILATION_MODE = wholemodule;
				VALIDATE_PRODUCT = YES;
			};
			name = Release;
		};
		5130EF542B2F62EF003E5602 /* Debug */ = {
			isa = XCBuildConfiguration;
			buildSettings = {
				ASSETCATALOG_COMPILER_APPICON_NAME = AppIcon;
				ASSETCATALOG_COMPILER_GLOBAL_ACCENT_COLOR_NAME = AccentColor;
				CODE_SIGN_STYLE = Automatic;
				CURRENT_PROJECT_VERSION = 1;
				DEVELOPMENT_ASSET_PATHS = "\"SpendWise/Preview Content\"";
				ENABLE_PREVIEWS = YES;
				GENERATE_INFOPLIST_FILE = YES;
				INFOPLIST_KEY_UIApplicationSceneManifest_Generation = YES;
				INFOPLIST_KEY_UIApplicationSupportsIndirectInputEvents = YES;
				INFOPLIST_KEY_UILaunchScreen_Generation = YES;
				INFOPLIST_KEY_UISupportedInterfaceOrientations_iPad = "UIInterfaceOrientationPortrait UIInterfaceOrientationPortraitUpsideDown UIInterfaceOrientationLandscapeLeft UIInterfaceOrientationLandscapeRight";
				INFOPLIST_KEY_UISupportedInterfaceOrientations_iPhone = "UIInterfaceOrientationPortrait UIInterfaceOrientationLandscapeLeft UIInterfaceOrientationLandscapeRight";
				LD_RUNPATH_SEARCH_PATHS = (
					"$(inherited)",
					"@executable_path/Frameworks",
				);
				MARKETING_VERSION = 1.0;
				PRODUCT_BUNDLE_IDENTIFIER = db.SpendWise;
				PRODUCT_NAME = "$(TARGET_NAME)";
				SWIFT_EMIT_LOC_STRINGS = YES;
				SWIFT_VERSION = 5.0;
				TARGETED_DEVICE_FAMILY = "1,2";
			};
			name = Debug;
		};
		5130EF552B2F62EF003E5602 /* Release */ = {
			isa = XCBuildConfiguration;
			buildSettings = {
				ASSETCATALOG_COMPILER_APPICON_NAME = AppIcon;
				ASSETCATALOG_COMPILER_GLOBAL_ACCENT_COLOR_NAME = AccentColor;
				CODE_SIGN_STYLE = Automatic;
				CURRENT_PROJECT_VERSION = 1;
				DEVELOPMENT_ASSET_PATHS = "\"SpendWise/Preview Content\"";
				ENABLE_PREVIEWS = YES;
				GENERATE_INFOPLIST_FILE = YES;
				INFOPLIST_KEY_UIApplicationSceneManifest_Generation = YES;
				INFOPLIST_KEY_UIApplicationSupportsIndirectInputEvents = YES;
				INFOPLIST_KEY_UILaunchScreen_Generation = YES;
				INFOPLIST_KEY_UISupportedInterfaceOrientations_iPad = "UIInterfaceOrientationPortrait UIInterfaceOrientationPortraitUpsideDown UIInterfaceOrientationLandscapeLeft UIInterfaceOrientationLandscapeRight";
				INFOPLIST_KEY_UISupportedInterfaceOrientations_iPhone = "UIInterfaceOrientationPortrait UIInterfaceOrientationLandscapeLeft UIInterfaceOrientationLandscapeRight";
				LD_RUNPATH_SEARCH_PATHS = (
					"$(inherited)",
					"@executable_path/Frameworks",
				);
				MARKETING_VERSION = 1.0;
				PRODUCT_BUNDLE_IDENTIFIER = db.SpendWise;
				PRODUCT_NAME = "$(TARGET_NAME)";
				SWIFT_EMIT_LOC_STRINGS = YES;
				SWIFT_VERSION = 5.0;
				TARGETED_DEVICE_FAMILY = "1,2";
			};
			name = Release;
		};
		5130EF572B2F62EF003E5602 /* Debug */ = {
			isa = XCBuildConfiguration;
			buildSettings = {
				ALWAYS_EMBED_SWIFT_STANDARD_LIBRARIES = YES;
				BUNDLE_LOADER = "$(TEST_HOST)";
				CODE_SIGN_STYLE = Automatic;
				CURRENT_PROJECT_VERSION = 1;
				GENERATE_INFOPLIST_FILE = YES;
				IPHONEOS_DEPLOYMENT_TARGET = 17.0;
				MARKETING_VERSION = 1.0;
				PRODUCT_BUNDLE_IDENTIFIER = db.SpendWiseTests;
				PRODUCT_NAME = "$(TARGET_NAME)";
				SWIFT_EMIT_LOC_STRINGS = NO;
				SWIFT_VERSION = 5.0;
				TARGETED_DEVICE_FAMILY = "1,2";
				TEST_HOST = "$(BUILT_PRODUCTS_DIR)/SpendWise.app/$(BUNDLE_EXECUTABLE_FOLDER_PATH)/SpendWise";
			};
			name = Debug;
		};
		5130EF582B2F62EF003E5602 /* Release */ = {
			isa = XCBuildConfiguration;
			buildSettings = {
				ALWAYS_EMBED_SWIFT_STANDARD_LIBRARIES = YES;
				BUNDLE_LOADER = "$(TEST_HOST)";
				CODE_SIGN_STYLE = Automatic;
				CURRENT_PROJECT_VERSION = 1;
				GENERATE_INFOPLIST_FILE = YES;
				IPHONEOS_DEPLOYMENT_TARGET = 17.0;
				MARKETING_VERSION = 1.0;
				PRODUCT_BUNDLE_IDENTIFIER = db.SpendWiseTests;
				PRODUCT_NAME = "$(TARGET_NAME)";
				SWIFT_EMIT_LOC_STRINGS = NO;
				SWIFT_VERSION = 5.0;
				TARGETED_DEVICE_FAMILY = "1,2";
				TEST_HOST = "$(BUILT_PRODUCTS_DIR)/SpendWise.app/$(BUNDLE_EXECUTABLE_FOLDER_PATH)/SpendWise";
			};
			name = Release;
		};
		5130EF5A2B2F62EF003E5602 /* Debug */ = {
			isa = XCBuildConfiguration;
			buildSettings = {
				ALWAYS_EMBED_SWIFT_STANDARD_LIBRARIES = YES;
				CODE_SIGN_STYLE = Automatic;
				CURRENT_PROJECT_VERSION = 1;
				GENERATE_INFOPLIST_FILE = YES;
				MARKETING_VERSION = 1.0;
				PRODUCT_BUNDLE_IDENTIFIER = db.SpendWiseUITests;
				PRODUCT_NAME = "$(TARGET_NAME)";
				SWIFT_EMIT_LOC_STRINGS = NO;
				SWIFT_VERSION = 5.0;
				TARGETED_DEVICE_FAMILY = "1,2";
				TEST_TARGET_NAME = SpendWise;
			};
			name = Debug;
		};
		5130EF5B2B2F62EF003E5602 /* Release */ = {
			isa = XCBuildConfiguration;
			buildSettings = {
				ALWAYS_EMBED_SWIFT_STANDARD_LIBRARIES = YES;
				CODE_SIGN_STYLE = Automatic;
				CURRENT_PROJECT_VERSION = 1;
				GENERATE_INFOPLIST_FILE = YES;
				MARKETING_VERSION = 1.0;
				PRODUCT_BUNDLE_IDENTIFIER = db.SpendWiseUITests;
				PRODUCT_NAME = "$(TARGET_NAME)";
				SWIFT_EMIT_LOC_STRINGS = NO;
				SWIFT_VERSION = 5.0;
				TARGETED_DEVICE_FAMILY = "1,2";
				TEST_TARGET_NAME = SpendWise;
			};
			name = Release;
		};
/* End XCBuildConfiguration section */

/* Begin XCConfigurationList section */
		5130EF2A2B2F62EC003E5602 /* Build configuration list for PBXProject "SpendWise" */ = {
			isa = XCConfigurationList;
			buildConfigurations = (
				5130EF512B2F62EF003E5602 /* Debug */,
				5130EF522B2F62EF003E5602 /* Release */,
			);
			defaultConfigurationIsVisible = 0;
			defaultConfigurationName = Release;
		};
		5130EF532B2F62EF003E5602 /* Build configuration list for PBXNativeTarget "SpendWise" */ = {
			isa = XCConfigurationList;
			buildConfigurations = (
				5130EF542B2F62EF003E5602 /* Debug */,
				5130EF552B2F62EF003E5602 /* Release */,
			);
			defaultConfigurationIsVisible = 0;
			defaultConfigurationName = Release;
		};
		5130EF562B2F62EF003E5602 /* Build configuration list for PBXNativeTarget "SpendWiseTests" */ = {
			isa = XCConfigurationList;
			buildConfigurations = (
				5130EF572B2F62EF003E5602 /* Debug */,
				5130EF582B2F62EF003E5602 /* Release */,
			);
			defaultConfigurationIsVisible = 0;
			defaultConfigurationName = Release;
		};
		5130EF592B2F62EF003E5602 /* Build configuration list for PBXNativeTarget "SpendWiseUITests" */ = {
			isa = XCConfigurationList;
			buildConfigurations = (
				5130EF5A2B2F62EF003E5602 /* Debug */,
				5130EF5B2B2F62EF003E5602 /* Release */,
			);
			defaultConfigurationIsVisible = 0;
			defaultConfigurationName = Release;
		};
/* End XCConfigurationList section */

/* Begin XCRemoteSwiftPackageReference section */
		518B7DC22B30EF360068E66A /* XCRemoteSwiftPackageReference "realm-swift" */ = {
			isa = XCRemoteSwiftPackageReference;
			repositoryURL = "https://github.com/realm/realm-swift";
			requirement = {
				branch = master;
				kind = branch;
			};
		};
/* End XCRemoteSwiftPackageReference section */

/* Begin XCSwiftPackageProductDependency section */
		518B7DC32B30EF360068E66A /* Realm */ = {
			isa = XCSwiftPackageProductDependency;
			package = 518B7DC22B30EF360068E66A /* XCRemoteSwiftPackageReference "realm-swift" */;
			productName = Realm;
		};
		518B7DC52B30EF360068E66A /* RealmSwift */ = {
			isa = XCSwiftPackageProductDependency;
			package = 518B7DC22B30EF360068E66A /* XCRemoteSwiftPackageReference "realm-swift" */;
			productName = RealmSwift;
		};
/* End XCSwiftPackageProductDependency section */
	};
	rootObject = 5130EF272B2F62EC003E5602 /* Project object */;
}
